
Microsoft Visual Studio Solution File, Format Version 12.00
# Visual Studio 15
VisualStudioVersion = 15.0.27703.2035
MinimumVisualStudioVersion = 10.0.40219.1
Project("{FAE04EC0-301F-11D3-BF4B-00C04F79EFBC}") = "MVCExample", "MVCExample\MVCExample.csproj", "{891326F5-3B62-4568-A898-1FDE2905B25E}"
EndProject
Project("{FAE04EC0-301F-11D3-BF4B-00C04F79EFBC}") = "MVCExample.Tests", "MVCExample.Tests\MVCExample.Tests.csproj", "{9B9D123B-C1F6-40D2-A10A-E57AD553AA50}"
EndProject
Project("{FAE04EC0-301F-11D3-BF4B-00C04F79EFBC}") = "MVCExample.DataAccess", "MVCExample.DataAccess\MVCExample.DataAccess.csproj", "{F083060E-DBF6-48B0-9424-02D9CA75330D}"
EndProject
Project("{FAE04EC0-301F-11D3-BF4B-00C04F79EFBC}") = "MVCExample.Models", "MVCExample.Models\MVCExample.Models.csproj", "{C202707D-6239-45A9-A8CE-7B04BBC8EED0}"
EndProject
Project("{FAE04EC0-301F-11D3-BF4B-00C04F79EFBC}") = "MVCExample.Services", "MVCExample.Services\MVCExample.Services.csproj", "{6C1454A5-B8CB-404C-B36D-14B5DF0C2D54}"
EndProject
Global
	GlobalSection(SolutionConfigurationPlatforms) = preSolution
		Debug|Any CPU = Debug|Any CPU
		Release|Any CPU = Release|Any CPU
	EndGlobalSection
	GlobalSection(ProjectConfigurationPlatforms) = postSolution
		{891326F5-3B62-4568-A898-1FDE2905B25E}.Debug|Any CPU.ActiveCfg = Debug|Any CPU
		{891326F5-3B62-4568-A898-1FDE2905B25E}.Debug|Any CPU.Build.0 = Debug|Any CPU
		{891326F5-3B62-4568-A898-1FDE2905B25E}.Release|Any CPU.ActiveCfg = Release|Any CPU
		{891326F5-3B62-4568-A898-1FDE2905B25E}.Release|Any CPU.Build.0 = Release|Any CPU
		{9B9D123B-C1F6-40D2-A10A-E57AD553AA50}.Debug|Any CPU.ActiveCfg = Debug|Any CPU
		{9B9D123B-C1F6-40D2-A10A-E57AD553AA50}.Debug|Any CPU.Build.0 = Debug|Any CPU
		{9B9D123B-C1F6-40D2-A10A-E57AD553AA50}.Release|Any CPU.ActiveCfg = Release|Any CPU
		{9B9D123B-C1F6-40D2-A10A-E57AD553AA50}.Release|Any CPU.Build.0 = Release|Any CPU
		{F083060E-DBF6-48B0-9424-02D9CA75330D}.Debug|Any CPU.ActiveCfg = Debug|Any CPU
		{F083060E-DBF6-48B0-9424-02D9CA75330D}.Debug|Any CPU.Build.0 = Debug|Any CPU
		{F083060E-DBF6-48B0-9424-02D9CA75330D}.Release|Any CPU.ActiveCfg = Release|Any CPU
		{F083060E-DBF6-48B0-9424-02D9CA75330D}.Release|Any CPU.Build.0 = Release|Any CPU
		{C202707D-6239-45A9-A8CE-7B04BBC8EED0}.Debug|Any CPU.ActiveCfg = Debug|Any CPU
		{C202707D-6239-45A9-A8CE-7B04BBC8EED0}.Debug|Any CPU.Build.0 = Debug|Any CPU
		{C202707D-6239-45A9-A8CE-7B04BBC8EED0}.Release|Any CPU.ActiveCfg = Release|Any CPU
		{C202707D-6239-45A9-A8CE-7B04BBC8EED0}.Release|Any CPU.Build.0 = Release|Any CPU
		{6C1454A5-B8CB-404C-B36D-14B5DF0C2D54}.Debug|Any CPU.ActiveCfg = Debug|Any CPU
		{6C1454A5-B8CB-404C-B36D-14B5DF0C2D54}.Debug|Any CPU.Build.0 = Debug|Any CPU
		{6C1454A5-B8CB-404C-B36D-14B5DF0C2D54}.Release|Any CPU.ActiveCfg = Release|Any CPU
		{6C1454A5-B8CB-404C-B36D-14B5DF0C2D54}.Release|Any CPU.Build.0 = Release|Any CPU
	EndGlobalSection
	GlobalSection(SolutionProperties) = preSolution
		HideSolutionNode = FALSE
	EndGlobalSection
	GlobalSection(ExtensibilityGlobals) = postSolution
		SolutionGuid = {DFEC1F3B-DC49-459E-9E69-6D2E0391BAF5}
	EndGlobalSection
EndGlobal
